
Microsoft Visual Studio Solution File, Format Version 11.00
# Visual Studio 2010
Project("{FAE04EC0-301F-11D3-BF4B-00C04F79EFBC}") = "FormGenerator", "FormGenerator\FormGenerator.csproj", "{B25A0B00-C2C1-467A-B144-683690938E5C}"
EndProject
Project("{FAE04EC0-301F-11D3-BF4B-00C04F79EFBC}") = "Esri.FormGenerator", "Esri.FormGenerator\Esri.FormGenerator.csproj", "{3DB8D1F6-8D1D-444F-BC55-F892CD19AB4A}"
EndProject
Global
	GlobalSection(SolutionConfigurationPlatforms) = preSolution
		Debug|Any CPU = Debug|Any CPU
		Release|Any CPU = Release|Any CPU
	EndGlobalSection
	GlobalSection(ProjectConfigurationPlatforms) = postSolution
		{B25A0B00-C2C1-467A-B144-683690938E5C}.Debug|Any CPU.ActiveCfg = Debug|Any CPU
		{B25A0B00-C2C1-467A-B144-683690938E5C}.Debug|Any CPU.Build.0 = Debug|Any CPU
		{B25A0B00-C2C1-467A-B144-683690938E5C}.Release|Any CPU.ActiveCfg = Release|Any CPU
		{B25A0B00-C2C1-467A-B144-683690938E5C}.Release|Any CPU.Build.0 = Release|Any CPU
		{3DB8D1F6-8D1D-444F-BC55-F892CD19AB4A}.Debug|Any CPU.ActiveCfg = Debug|Any CPU
		{3DB8D1F6-8D1D-444F-BC55-F892CD19AB4A}.Debug|Any CPU.Build.0 = Debug|Any CPU
		{3DB8D1F6-8D1D-444F-BC55-F892CD19AB4A}.Release|Any CPU.ActiveCfg = Release|Any CPU
		{3DB8D1F6-8D1D-444F-BC55-F892CD19AB4A}.Release|Any CPU.Build.0 = Release|Any CPU
	EndGlobalSection
	GlobalSection(SolutionProperties) = preSolution
		HideSolutionNode = FALSE
	EndGlobalSection
EndGlobal
